
Microsoft Visual Studio Solution File, Format Version 12.00
# Visual Studio Version 17
VisualStudioVersion = 17.6.33829.357
MinimumVisualStudioVersion = 10.0.40219.1
Project("{FAE04EC0-301F-11D3-BF4B-00C04F79EFBC}") = "Validator.Api", "Validator.Api\Validator.Api.csproj", "{6A32EAAA-A1C7-4B8C-A59D-855EA3A4F14D}"
EndProject
Project("{FAE04EC0-301F-11D3-BF4B-00C04F79EFBC}") = "Validator.Application", "Validator.Application\Validator.Application.csproj", "{22E4DC95-8516-4BD8-883C-DD8D06C52505}"
EndProject
Project("{FAE04EC0-301F-11D3-BF4B-00C04F79EFBC}") = "Validator.Tests", "Validator.Tests\Validator.Tests.csproj", "{C83A9D9D-BC5A-4A48-B6FB-9BEF51EEAF01}"
EndProject
Global
	GlobalSection(SolutionConfigurationPlatforms) = preSolution
		Debug|Any CPU = Debug|Any CPU
		Release|Any CPU = Release|Any CPU
	EndGlobalSection
	GlobalSection(ProjectConfigurationPlatforms) = postSolution
		{6A32EAAA-A1C7-4B8C-A59D-855EA3A4F14D}.Debug|Any CPU.ActiveCfg = Debug|Any CPU
		{6A32EAAA-A1C7-4B8C-A59D-855EA3A4F14D}.Debug|Any CPU.Build.0 = Debug|Any CPU
		{6A32EAAA-A1C7-4B8C-A59D-855EA3A4F14D}.Release|Any CPU.ActiveCfg = Release|Any CPU
		{6A32EAAA-A1C7-4B8C-A59D-855EA3A4F14D}.Release|Any CPU.Build.0 = Release|Any CPU
		{22E4DC95-8516-4BD8-883C-DD8D06C52505}.Debug|Any CPU.ActiveCfg = Debug|Any CPU
		{22E4DC95-8516-4BD8-883C-DD8D06C52505}.Debug|Any CPU.Build.0 = Debug|Any CPU
		{22E4DC95-8516-4BD8-883C-DD8D06C52505}.Release|Any CPU.ActiveCfg = Release|Any CPU
		{22E4DC95-8516-4BD8-883C-DD8D06C52505}.Release|Any CPU.Build.0 = Release|Any CPU
		{C83A9D9D-BC5A-4A48-B6FB-9BEF51EEAF01}.Debug|Any CPU.ActiveCfg = Debug|Any CPU
		{C83A9D9D-BC5A-4A48-B6FB-9BEF51EEAF01}.Debug|Any CPU.Build.0 = Debug|Any CPU
		{C83A9D9D-BC5A-4A48-B6FB-9BEF51EEAF01}.Release|Any CPU.ActiveCfg = Release|Any CPU
		{C83A9D9D-BC5A-4A48-B6FB-9BEF51EEAF01}.Release|Any CPU.Build.0 = Release|Any CPU
	EndGlobalSection
	GlobalSection(SolutionProperties) = preSolution
		HideSolutionNode = FALSE
	EndGlobalSection
	GlobalSection(ExtensibilityGlobals) = postSolution
		SolutionGuid = {CC591186-120A-448A-BBD8-EB0C2A7F61F4}
	EndGlobalSection
EndGlobal
